
Microsoft Visual Studio Solution File, Format Version 12.00
# Visual Studio Version 17
VisualStudioVersion = 17.11.35312.102
MinimumVisualStudioVersion = 10.0.40219.1
Project("{FAE04EC0-301F-11D3-BF4B-00C04F79EFBC}") = "MoneyTrail", "MoneyTrail\MoneyTrail.csproj", "{A1E1E33B-454D-41FD-8223-03EB8289A955}"
EndProject
Global
	GlobalSection(SolutionConfigurationPlatforms) = preSolution
		Debug|Any CPU = Debug|Any CPU
		Release|Any CPU = Release|Any CPU
	EndGlobalSection
	GlobalSection(ProjectConfigurationPlatforms) = postSolution
		{A1E1E33B-454D-41FD-8223-03EB8289A955}.Debug|Any CPU.ActiveCfg = Debug|Any CPU
		{A1E1E33B-454D-41FD-8223-03EB8289A955}.Debug|Any CPU.Build.0 = Debug|Any CPU
		{A1E1E33B-454D-41FD-8223-03EB8289A955}.Debug|Any CPU.Deploy.0 = Debug|Any CPU
		{A1E1E33B-454D-41FD-8223-03EB8289A955}.Release|Any CPU.ActiveCfg = Release|Any CPU
		{A1E1E33B-454D-41FD-8223-03EB8289A955}.Release|Any CPU.Build.0 = Release|Any CPU
		{A1E1E33B-454D-41FD-8223-03EB8289A955}.Release|Any CPU.Deploy.0 = Release|Any CPU
	EndGlobalSection
	GlobalSection(SolutionProperties) = preSolution
		HideSolutionNode = FALSE
	EndGlobalSection
	GlobalSection(ExtensibilityGlobals) = postSolution
		SolutionGuid = {3BCDA593-8D3A-4409-A0F8-DFE4AFA97D3F}
	EndGlobalSection
EndGlobal
